
Microsoft Visual Studio Solution File, Format Version 12.00
# Visual Studio Version 16
VisualStudioVersion = 16.0.29521.150
MinimumVisualStudioVersion = 10.0.40219.1
Project("{9A19103F-16F7-4668-BE54-9A1E7A4F7556}") = "BlazorMovies.Server", "BlazorMovies\Server\BlazorMovies.Server.csproj", "{9E891B69-7BA0-4BF7-815D-AA221F217B34}"
EndProject
Project("{9A19103F-16F7-4668-BE54-9A1E7A4F7556}") = "BlazorMovies.Client", "BlazorMovies\Client\BlazorMovies.Client.csproj", "{EEF7D784-8E9B-46B9-987E-B0092F4DD697}"
EndProject
Project("{9A19103F-16F7-4668-BE54-9A1E7A4F7556}") = "BlazorMovies.Shared", "BlazorMovies\Shared\BlazorMovies.Shared.csproj", "{1EB71C2A-087E-4334-B31E-8F2D85367751}"
EndProject
Global
	GlobalSection(SolutionConfigurationPlatforms) = preSolution
		Debug|Any CPU = Debug|Any CPU
		Release|Any CPU = Release|Any CPU
	EndGlobalSection
	GlobalSection(ProjectConfigurationPlatforms) = postSolution
		{9E891B69-7BA0-4BF7-815D-AA221F217B34}.Debug|Any CPU.ActiveCfg = Debug|Any CPU
		{9E891B69-7BA0-4BF7-815D-AA221F217B34}.Debug|Any CPU.Build.0 = Debug|Any CPU
		{9E891B69-7BA0-4BF7-815D-AA221F217B34}.Release|Any CPU.ActiveCfg = Release|Any CPU
		{9E891B69-7BA0-4BF7-815D-AA221F217B34}.Release|Any CPU.Build.0 = Release|Any CPU
		{EEF7D784-8E9B-46B9-987E-B0092F4DD697}.Debug|Any CPU.ActiveCfg = Debug|Any CPU
		{EEF7D784-8E9B-46B9-987E-B0092F4DD697}.Debug|Any CPU.Build.0 = Debug|Any CPU
		{EEF7D784-8E9B-46B9-987E-B0092F4DD697}.Release|Any CPU.ActiveCfg = Release|Any CPU
		{EEF7D784-8E9B-46B9-987E-B0092F4DD697}.Release|Any CPU.Build.0 = Release|Any CPU
		{1EB71C2A-087E-4334-B31E-8F2D85367751}.Debug|Any CPU.ActiveCfg = Debug|Any CPU
		{1EB71C2A-087E-4334-B31E-8F2D85367751}.Debug|Any CPU.Build.0 = Debug|Any CPU
		{1EB71C2A-087E-4334-B31E-8F2D85367751}.Release|Any CPU.ActiveCfg = Release|Any CPU
		{1EB71C2A-087E-4334-B31E-8F2D85367751}.Release|Any CPU.Build.0 = Release|Any CPU
	EndGlobalSection
	GlobalSection(SolutionProperties) = preSolution
		HideSolutionNode = FALSE
	EndGlobalSection
	GlobalSection(ExtensibilityGlobals) = postSolution
		SolutionGuid = {883A5E0F-7973-4CEF-A272-8DBFABC40157}
	EndGlobalSection
EndGlobal
